
Microsoft Visual Studio Solution File, Format Version 12.00
Project("{FAE04EC0-301F-11D3-BF4B-00C04F79EFBC}") = "Zenject.Analyzers", "Zenject.Analyzers\Zenject.Analyzers.csproj", "{EF1984C7-5B9D-4CBC-A06F-F2D74A5E88A5}"
EndProject
Project("{FAE04EC0-301F-11D3-BF4B-00C04F79EFBC}") = "Zenject.Analyzers.Samples", "Zenject.Analyzers.Samples\Zenject.Analyzers.Samples.csproj", "{61A73AAA-642F-41FA-A831-567977929414}"
EndProject
Global
	GlobalSection(SolutionConfigurationPlatforms) = preSolution
		Debug|Any CPU = Debug|Any CPU
		Release|Any CPU = Release|Any CPU
	EndGlobalSection
	GlobalSection(ProjectConfigurationPlatforms) = postSolution
		{EF1984C7-5B9D-4CBC-A06F-F2D74A5E88A5}.Debug|Any CPU.ActiveCfg = Debug|Any CPU
		{EF1984C7-5B9D-4CBC-A06F-F2D74A5E88A5}.Debug|Any CPU.Build.0 = Debug|Any CPU
		{EF1984C7-5B9D-4CBC-A06F-F2D74A5E88A5}.Release|Any CPU.ActiveCfg = Release|Any CPU
		{EF1984C7-5B9D-4CBC-A06F-F2D74A5E88A5}.Release|Any CPU.Build.0 = Release|Any CPU
		{61A73AAA-642F-41FA-A831-567977929414}.Debug|Any CPU.ActiveCfg = Debug|Any CPU
		{61A73AAA-642F-41FA-A831-567977929414}.Debug|Any CPU.Build.0 = Debug|Any CPU
		{61A73AAA-642F-41FA-A831-567977929414}.Release|Any CPU.ActiveCfg = Release|Any CPU
		{61A73AAA-642F-41FA-A831-567977929414}.Release|Any CPU.Build.0 = Release|Any CPU
	EndGlobalSection
EndGlobal
